
Microsoft Visual Studio Solution File, Format Version 12.00
# Visual Studio Version 16
VisualStudioVersion = 16.0.29403.142
MinimumVisualStudioVersion = 10.0.40219.1
Project("{FAE04EC0-301F-11D3-BF4B-00C04F79EFBC}") = "8_pliki_1", "8_pliki_1\8_pliki_1.csproj", "{3A9E8D32-7D84-4423-8E02-1B5FBE6D79C0}"
EndProject
Global
	GlobalSection(SolutionConfigurationPlatforms) = preSolution
		Debug|Any CPU = Debug|Any CPU
		Release|Any CPU = Release|Any CPU
	EndGlobalSection
	GlobalSection(ProjectConfigurationPlatforms) = postSolution
		{3A9E8D32-7D84-4423-8E02-1B5FBE6D79C0}.Debug|Any CPU.ActiveCfg = Debug|Any CPU
		{3A9E8D32-7D84-4423-8E02-1B5FBE6D79C0}.Debug|Any CPU.Build.0 = Debug|Any CPU
		{3A9E8D32-7D84-4423-8E02-1B5FBE6D79C0}.Release|Any CPU.ActiveCfg = Release|Any CPU
		{3A9E8D32-7D84-4423-8E02-1B5FBE6D79C0}.Release|Any CPU.Build.0 = Release|Any CPU
	EndGlobalSection
	GlobalSection(SolutionProperties) = preSolution
		HideSolutionNode = FALSE
	EndGlobalSection
	GlobalSection(ExtensibilityGlobals) = postSolution
		SolutionGuid = {F320A011-2CF6-4FD2-AF45-0EA781FD114C}
	EndGlobalSection
EndGlobal
